
Microsoft Visual Studio Solution File, Format Version 12.00
# Visual Studio Version 17
VisualStudioVersion = 17.13.35931.197
MinimumVisualStudioVersion = 10.0.40219.1
Project("{2150E333-8FDC-42A3-9474-1A3956D46DE8}") = "src", "src", "{02EA681E-C7D8-13C7-8484-4AC65E1B71E8}"
EndProject
Project("{FAE04EC0-301F-11D3-BF4B-00C04F79EFBC}") = "UI.Blazor", "UI.Blazor\UI.Blazor\UI.Blazor.csproj", "{F9180D30-73E4-46B8-885B-A9F33F55CA6C}"
EndProject
Project("{FAE04EC0-301F-11D3-BF4B-00C04F79EFBC}") = "UI.Blazor.Client", "UI.Blazor\UI.Blazor.Client\UI.Blazor.Client.csproj", "{FB8E062A-E441-45D0-9177-E848AFDCA189}"
EndProject
Project("{2150E333-8FDC-42A3-9474-1A3956D46DE8}") = "Solution Items", "Solution Items", "{8EC462FD-D22E-90A8-E5CE-7E832BA40C5D}"
	ProjectSection(SolutionItems) = preProject
		Directory.Build.props = Directory.Build.props
		Directory.Packages.props = Directory.Packages.props
	EndProjectSection
EndProject
Project("{FAE04EC0-301F-11D3-BF4B-00C04F79EFBC}") = "Domain", "Domain\Domain.csproj", "{19C1E8B4-1335-4A13-9754-258672FC45BE}"
EndProject
Project("{FAE04EC0-301F-11D3-BF4B-00C04F79EFBC}") = "Application", "Application\Application.csproj", "{7CD94E5A-06BA-499D-9871-CDD38BD97236}"
EndProject
Project("{FAE04EC0-301F-11D3-BF4B-00C04F79EFBC}") = "Persistence", "Persistence\Persistence.csproj", "{8FB78EBB-5C9C-47B6-83D1-241F224E2EA5}"
EndProject
Global
	GlobalSection(SolutionConfigurationPlatforms) = preSolution
		Debug|Any CPU = Debug|Any CPU
		Release|Any CPU = Release|Any CPU
	EndGlobalSection
	GlobalSection(ProjectConfigurationPlatforms) = postSolution
		{F9180D30-73E4-46B8-885B-A9F33F55CA6C}.Debug|Any CPU.ActiveCfg = Debug|Any CPU
		{F9180D30-73E4-46B8-885B-A9F33F55CA6C}.Debug|Any CPU.Build.0 = Debug|Any CPU
		{F9180D30-73E4-46B8-885B-A9F33F55CA6C}.Release|Any CPU.ActiveCfg = Release|Any CPU
		{F9180D30-73E4-46B8-885B-A9F33F55CA6C}.Release|Any CPU.Build.0 = Release|Any CPU
		{FB8E062A-E441-45D0-9177-E848AFDCA189}.Debug|Any CPU.ActiveCfg = Debug|Any CPU
		{FB8E062A-E441-45D0-9177-E848AFDCA189}.Debug|Any CPU.Build.0 = Debug|Any CPU
		{FB8E062A-E441-45D0-9177-E848AFDCA189}.Release|Any CPU.ActiveCfg = Release|Any CPU
		{FB8E062A-E441-45D0-9177-E848AFDCA189}.Release|Any CPU.Build.0 = Release|Any CPU
		{19C1E8B4-1335-4A13-9754-258672FC45BE}.Debug|Any CPU.ActiveCfg = Debug|Any CPU
		{19C1E8B4-1335-4A13-9754-258672FC45BE}.Debug|Any CPU.Build.0 = Debug|Any CPU
		{19C1E8B4-1335-4A13-9754-258672FC45BE}.Release|Any CPU.ActiveCfg = Release|Any CPU
		{19C1E8B4-1335-4A13-9754-258672FC45BE}.Release|Any CPU.Build.0 = Release|Any CPU
		{7CD94E5A-06BA-499D-9871-CDD38BD97236}.Debug|Any CPU.ActiveCfg = Debug|Any CPU
		{7CD94E5A-06BA-499D-9871-CDD38BD97236}.Debug|Any CPU.Build.0 = Debug|Any CPU
		{7CD94E5A-06BA-499D-9871-CDD38BD97236}.Release|Any CPU.ActiveCfg = Release|Any CPU
		{7CD94E5A-06BA-499D-9871-CDD38BD97236}.Release|Any CPU.Build.0 = Release|Any CPU
		{8FB78EBB-5C9C-47B6-83D1-241F224E2EA5}.Debug|Any CPU.ActiveCfg = Debug|Any CPU
		{8FB78EBB-5C9C-47B6-83D1-241F224E2EA5}.Debug|Any CPU.Build.0 = Debug|Any CPU
		{8FB78EBB-5C9C-47B6-83D1-241F224E2EA5}.Release|Any CPU.ActiveCfg = Release|Any CPU
		{8FB78EBB-5C9C-47B6-83D1-241F224E2EA5}.Release|Any CPU.Build.0 = Release|Any CPU
	EndGlobalSection
	GlobalSection(SolutionProperties) = preSolution
		HideSolutionNode = FALSE
	EndGlobalSection
	GlobalSection(NestedProjects) = preSolution
		{F9180D30-73E4-46B8-885B-A9F33F55CA6C} = {02EA681E-C7D8-13C7-8484-4AC65E1B71E8}
		{FB8E062A-E441-45D0-9177-E848AFDCA189} = {02EA681E-C7D8-13C7-8484-4AC65E1B71E8}
		{19C1E8B4-1335-4A13-9754-258672FC45BE} = {02EA681E-C7D8-13C7-8484-4AC65E1B71E8}
		{7CD94E5A-06BA-499D-9871-CDD38BD97236} = {02EA681E-C7D8-13C7-8484-4AC65E1B71E8}
		{8FB78EBB-5C9C-47B6-83D1-241F224E2EA5} = {02EA681E-C7D8-13C7-8484-4AC65E1B71E8}
	EndGlobalSection
	GlobalSection(ExtensibilityGlobals) = postSolution
		SolutionGuid = {50183CDA-1387-43FB-B7D0-F17E68F814AA}
	EndGlobalSection
EndGlobal
